
Microsoft Visual Studio Solution File, Format Version 12.00
# Visual Studio 14
VisualStudioVersion = 14.0.25420.1
MinimumVisualStudioVersion = 10.0.40219.1
Project("{F184B08F-C81C-45F6-A57F-5ABD9991F28F}") = "PatternNoTwo", "PatternNoTwo\PatternNoTwo.vbproj", "{F50C614E-7822-4D1A-827E-236AF1C97035}"
EndProject
Project("{F184B08F-C81C-45F6-A57F-5ABD9991F28F}") = "SavingAccount", "SavingAccount\SavingAccount.vbproj", "{9CA1099B-13E7-4AB9-8744-B30C590DE314}"
EndProject
Global
	GlobalSection(SolutionConfigurationPlatforms) = preSolution
		Debug|Any CPU = Debug|Any CPU
		Release|Any CPU = Release|Any CPU
	EndGlobalSection
	GlobalSection(ProjectConfigurationPlatforms) = postSolution
		{F50C614E-7822-4D1A-827E-236AF1C97035}.Debug|Any CPU.ActiveCfg = Debug|Any CPU
		{F50C614E-7822-4D1A-827E-236AF1C97035}.Debug|Any CPU.Build.0 = Debug|Any CPU
		{F50C614E-7822-4D1A-827E-236AF1C97035}.Release|Any CPU.ActiveCfg = Release|Any CPU
		{F50C614E-7822-4D1A-827E-236AF1C97035}.Release|Any CPU.Build.0 = Release|Any CPU
		{9CA1099B-13E7-4AB9-8744-B30C590DE314}.Debug|Any CPU.ActiveCfg = Debug|Any CPU
		{9CA1099B-13E7-4AB9-8744-B30C590DE314}.Debug|Any CPU.Build.0 = Debug|Any CPU
		{9CA1099B-13E7-4AB9-8744-B30C590DE314}.Release|Any CPU.ActiveCfg = Release|Any CPU
		{9CA1099B-13E7-4AB9-8744-B30C590DE314}.Release|Any CPU.Build.0 = Release|Any CPU
	EndGlobalSection
	GlobalSection(SolutionProperties) = preSolution
		HideSolutionNode = FALSE
	EndGlobalSection
EndGlobal
